
Microsoft Visual Studio Solution File, Format Version 12.00
# Visual Studio Version 17
VisualStudioVersion = 17.14.36401.2 d17.14
MinimumVisualStudioVersion = 10.0.40219.1
Project("{FAE04EC0-301F-11D3-BF4B-00C04F79EFBC}") = "Tutorial_2_3", "Tutorial_2_3\Tutorial_2_3.csproj", "{58A52E88-6FE4-4CA7-B050-F4112E700CEA}"
EndProject
Global
	GlobalSection(SolutionConfigurationPlatforms) = preSolution
		Debug|Any CPU = Debug|Any CPU
		Release|Any CPU = Release|Any CPU
	EndGlobalSection
	GlobalSection(ProjectConfigurationPlatforms) = postSolution
		{58A52E88-6FE4-4CA7-B050-F4112E700CEA}.Debug|Any CPU.ActiveCfg = Debug|Any CPU
		{58A52E88-6FE4-4CA7-B050-F4112E700CEA}.Debug|Any CPU.Build.0 = Debug|Any CPU
		{58A52E88-6FE4-4CA7-B050-F4112E700CEA}.Release|Any CPU.ActiveCfg = Release|Any CPU
		{58A52E88-6FE4-4CA7-B050-F4112E700CEA}.Release|Any CPU.Build.0 = Release|Any CPU
	EndGlobalSection
	GlobalSection(SolutionProperties) = preSolution
		HideSolutionNode = FALSE
	EndGlobalSection
	GlobalSection(ExtensibilityGlobals) = postSolution
		SolutionGuid = {CF61657A-43E0-4D6A-9512-9B2EC4C5A5F4}
	EndGlobalSection
EndGlobal
