
Microsoft Visual Studio Solution File, Format Version 12.00
# Visual Studio Version 17
VisualStudioVersion = 17.14.36401.2 d17.14
MinimumVisualStudioVersion = 10.0.40219.1
Project("{FAE04EC0-301F-11D3-BF4B-00C04F79EFBC}") = "Q3", "Q3\Q3.csproj", "{5EA5A683-F810-4A0C-8535-64E94372BB50}"
EndProject
Global
	GlobalSection(SolutionConfigurationPlatforms) = preSolution
		Debug|Any CPU = Debug|Any CPU
		Release|Any CPU = Release|Any CPU
	EndGlobalSection
	GlobalSection(ProjectConfigurationPlatforms) = postSolution
		{5EA5A683-F810-4A0C-8535-64E94372BB50}.Debug|Any CPU.ActiveCfg = Debug|Any CPU
		{5EA5A683-F810-4A0C-8535-64E94372BB50}.Debug|Any CPU.Build.0 = Debug|Any CPU
		{5EA5A683-F810-4A0C-8535-64E94372BB50}.Release|Any CPU.ActiveCfg = Release|Any CPU
		{5EA5A683-F810-4A0C-8535-64E94372BB50}.Release|Any CPU.Build.0 = Release|Any CPU
	EndGlobalSection
	GlobalSection(SolutionProperties) = preSolution
		HideSolutionNode = FALSE
	EndGlobalSection
	GlobalSection(ExtensibilityGlobals) = postSolution
		SolutionGuid = {B6D87F59-8D35-4DE2-9AA0-70949D345E43}
	EndGlobalSection
EndGlobal
